{
  "version": 4,
  "terraform_version": "1.5.7",
  "serial": 56,
  "lineage": "855ad3de-3484-36c9-8100-75dcdb99f2aa",
  "outputs": {
    "artifact_registry_url": {
      "value": "us-central1-docker.pkg.dev/movie-app-464210/movie-app-repo",
      "type": "string"
    },
    "cloudbuild_service_account_email": {
      "value": "movie-app-cloudbuild-sa@movie-app-464210.iam.gserviceaccount.com",
      "type": "string"
    },
    "database_name": {
      "value": "movie",
      "type": "string"
    },
    "database_password_secret_name": {
      "value": "movie-app-db-password",
      "type": "string"
    },
    "database_user": {
      "value": "movie",
      "type": "string"
    },
    "external_ip_address": {
      "value": "34.160.148.110",
      "type": "string"
    },
    "gke_cluster_endpoint": {
      "value": "34.44.64.199",
      "type": "string",
      "sensitive": true
    },
    "gke_cluster_location": {
      "value": "us-central1-a",
      "type": "string"
    },
    "gke_cluster_name": {
      "value": "movie-app-cluster-dy3l",
      "type": "string"
    },
    "gke_service_account_email": {
      "value": "movie-app-gke-sa@movie-app-464210.iam.gserviceaccount.com",
      "type": "string"
    },
    "kubectl_config_command": {
      "value": "gcloud container clusters get-credentials movie-app-cluster-dy3l --region us-central1-a --project movie-app-464210",
      "type": "string"
    },
    "project_id": {
      "value": "movie-app-464210",
      "type": "string"
    },
    "redis_host_secret_name": {
      "value": "movie-app-redis-host",
      "type": "string"
    },
    "redis_port_secret_name": {
      "value": "movie-app-redis-port",
      "type": "string"
    },
    "region": {
      "value": "us-central1",
      "type": "string"
    },
    "ssl_certificate_name": {
      "value": "movie-app-ssl-cert",
      "type": "string"
    },
    "zone": {
      "value": "us-central1-a",
      "type": "string"
    }
  },
  "resources": [
    {
      "mode": "managed",
      "type": "google_artifact_registry_repository",
      "name": "registry",
      "provider": "provider[\"registry.terraform.io/hashicorp/google\"]",
      "instances": [
        {
          "schema_version": 0,
          "attributes": {
            "cleanup_policies": [],
            "cleanup_policy_dry_run": false,
            "create_time": "2025-06-27T12:17:34.206856Z",
            "description": "Docker repository for movie-app",
            "docker_config": [],
            "effective_labels": {},
            "format": "DOCKER",
            "id": "projects/movie-app-464210/locations/us-central1/repositories/movie-app-repo",
            "kms_key_name": "",
            "labels": null,
            "location": "us-central1",
            "maven_config": [],
            "mode": "STANDARD_REPOSITORY",
            "name": "movie-app-repo",
            "project": "movie-app-464210",
            "remote_repository_config": [],
            "repository_id": "movie-app-repo",
            "terraform_labels": {},
            "timeouts": null,
            "update_time": "2025-06-27T12:17:34.206856Z",
            "virtual_repository_config": []
          },
          "sensitive_attributes": [],
          "private": "eyJlMmJmYjczMC1lY2FhLTExZTYtOGY4OC0zNDM2M2JjN2M0YzAiOnsiY3JlYXRlIjoxMjAwMDAwMDAwMDAwLCJkZWxldGUiOjEyMDAwMDAwMDAwMDAsInVwZGF0ZSI6MTIwMDAwMDAwMDAwMH19",
          "dependencies": [
            "google_project_service.required_apis"
          ]
        }
      ]
    },
    {
      "mode": "managed",
      "type": "google_compute_firewall",
      "name": "allow_http_https",
      "provider": "provider[\"registry.terraform.io/hashicorp/google\"]",
      "instances": [
        {
          "schema_version": 1,
          "attributes": {
            "allow": [
              {
                "ports": [
                  "80",
                  "443"
                ],
                "protocol": "tcp"
              }
            ],
            "creation_timestamp": "2025-06-27T05:17:47.622-07:00",
            "deny": [],
            "description": "",
            "destination_ranges": [],
            "direction": "INGRESS",
            "disabled": false,
            "enable_logging": null,
            "id": "projects/movie-app-464210/global/firewalls/movie-app-allow-http-https",
            "log_config": [],
            "name": "movie-app-allow-http-https",
            "network": "https://www.googleapis.com/compute/v1/projects/movie-app-464210/global/networks/movie-app-vpc",
            "priority": 1000,
            "project": "movie-app-464210",
            "self_link": "https://www.googleapis.com/compute/v1/projects/movie-app-464210/global/firewalls/movie-app-allow-http-https",
            "source_ranges": [
              "0.0.0.0/0"
            ],
            "source_service_accounts": null,
            "source_tags": null,
            "target_service_accounts": null,
            "target_tags": [
              "http-server",
              "https-server"
            ],
            "timeouts": null
          },
          "sensitive_attributes": [],
          "private": "eyJlMmJmYjczMC1lY2FhLTExZTYtOGY4OC0zNDM2M2JjN2M0YzAiOnsiY3JlYXRlIjoxMjAwMDAwMDAwMDAwLCJkZWxldGUiOjEyMDAwMDAwMDAwMDAsInVwZGF0ZSI6MTIwMDAwMDAwMDAwMH0sInNjaGVtYV92ZXJzaW9uIjoiMSJ9",
          "dependencies": [
            "google_compute_network.vpc_network",
            "google_project_service.required_apis"
          ]
        }
      ]
    },
    {
      "mode": "managed",
      "type": "google_compute_firewall",
      "name": "allow_internal",
      "provider": "provider[\"registry.terraform.io/hashicorp/google\"]",
      "instances": [
        {
          "schema_version": 1,
          "attributes": {
            "allow": [
              {
                "ports": [
                  "0-65535"
                ],
                "protocol": "tcp"
              },
              {
                "ports": [
                  "0-65535"
                ],
                "protocol": "udp"
              },
              {
                "ports": [],
                "protocol": "icmp"
              }
            ],
            "creation_timestamp": "2025-06-27T05:17:47.639-07:00",
            "deny": [],
            "description": "",
            "destination_ranges": [],
            "direction": "INGRESS",
            "disabled": false,
            "enable_logging": null,
            "id": "projects/movie-app-464210/global/firewalls/movie-app-allow-internal",
            "log_config": [],
            "name": "movie-app-allow-internal",
            "network": "https://www.googleapis.com/compute/v1/projects/movie-app-464210/global/networks/movie-app-vpc",
            "priority": 1000,
            "project": "movie-app-464210",
            "self_link": "https://www.googleapis.com/compute/v1/projects/movie-app-464210/global/firewalls/movie-app-allow-internal",
            "source_ranges": [
              "10.0.0.0/8"
            ],
            "source_service_accounts": null,
            "source_tags": null,
            "target_service_accounts": null,
            "target_tags": null,
            "timeouts": null
          },
          "sensitive_attributes": [],
          "private": "eyJlMmJmYjczMC1lY2FhLTExZTYtOGY4OC0zNDM2M2JjN2M0YzAiOnsiY3JlYXRlIjoxMjAwMDAwMDAwMDAwLCJkZWxldGUiOjEyMDAwMDAwMDAwMDAsInVwZGF0ZSI6MTIwMDAwMDAwMDAwMH0sInNjaGVtYV92ZXJzaW9uIjoiMSJ9",
          "dependencies": [
            "google_compute_network.vpc_network",
            "google_project_service.required_apis"
          ]
        }
      ]
    },
    {
      "mode": "managed",
      "type": "google_compute_global_address",
      "name": "external_ip",
      "provider": "provider[\"registry.terraform.io/hashicorp/google\"]",
      "instances": [
        {
          "schema_version": 0,
          "attributes": {
            "address": "34.160.148.110",
            "address_type": "EXTERNAL",
            "creation_timestamp": "2025-06-27T05:17:14.065-07:00",
            "description": "",
            "effective_labels": {},
            "id": "projects/movie-app-464210/global/addresses/movie-app-external-ip",
            "ip_version": "",
            "label_fingerprint": "42WmSpB8rSM=",
            "labels": null,
            "name": "movie-app-external-ip",
            "network": "",
            "prefix_length": 0,
            "project": "movie-app-464210",
            "purpose": "",
            "self_link": "https://www.googleapis.com/compute/v1/projects/movie-app-464210/global/addresses/movie-app-external-ip",
            "terraform_labels": {},
            "timeouts": null
          },
          "sensitive_attributes": [],
          "private": "eyJlMmJmYjczMC1lY2FhLTExZTYtOGY4OC0zNDM2M2JjN2M0YzAiOnsiY3JlYXRlIjoxMjAwMDAwMDAwMDAwLCJkZWxldGUiOjEyMDAwMDAwMDAwMDAsInVwZGF0ZSI6MTIwMDAwMDAwMDAwMH19"
        }
      ]
    },
    {
      "mode": "managed",
      "type": "google_compute_global_address",
      "name": "private_ip_range",
      "provider": "provider[\"registry.terraform.io/hashicorp/google\"]",
      "instances": [
        {
          "schema_version": 0,
          "attributes": {
            "address": "10.91.0.0",
            "address_type": "INTERNAL",
            "creation_timestamp": "2025-06-27T05:17:47.630-07:00",
            "description": "",
            "effective_labels": {},
            "id": "projects/movie-app-464210/global/addresses/movie-app-private-ip",
            "ip_version": "",
            "label_fingerprint": "42WmSpB8rSM=",
            "labels": null,
            "name": "movie-app-private-ip",
            "network": "https://www.googleapis.com/compute/v1/projects/movie-app-464210/global/networks/movie-app-vpc",
            "prefix_length": 16,
            "project": "movie-app-464210",
            "purpose": "VPC_PEERING",
            "self_link": "https://www.googleapis.com/compute/v1/projects/movie-app-464210/global/addresses/movie-app-private-ip",
            "terraform_labels": {},
            "timeouts": null
          },
          "sensitive_attributes": [],
          "private": "eyJlMmJmYjczMC1lY2FhLTExZTYtOGY4OC0zNDM2M2JjN2M0YzAiOnsiY3JlYXRlIjoxMjAwMDAwMDAwMDAwLCJkZWxldGUiOjEyMDAwMDAwMDAwMDAsInVwZGF0ZSI6MTIwMDAwMDAwMDAwMH19",
          "dependencies": [
            "google_compute_network.vpc_network",
            "google_project_service.required_apis"
          ]
        }
      ]
    },
    {
      "mode": "managed",
      "type": "google_compute_global_forwarding_rule",
      "name": "http_forwarding_rule",
      "provider": "provider[\"registry.terraform.io/hashicorp/google\"]",
      "instances": [
        {
          "schema_version": 0,
          "attributes": {
            "base_forwarding_rule": "",
            "description": "",
            "effective_labels": {},
            "id": "projects/movie-app-464210/global/forwardingRules/movie-app-http-forwarding-rule",
            "ip_address": "34.160.148.110",
            "ip_protocol": "TCP",
            "ip_version": "",
            "label_fingerprint": "42WmSpB8rSM=",
            "labels": null,
            "load_balancing_scheme": "EXTERNAL",
            "metadata_filters": [],
            "name": "movie-app-http-forwarding-rule",
            "network": "",
            "no_automate_dns_zone": null,
            "port_range": "80-80",
            "project": "movie-app-464210",
            "psc_connection_id": "",
            "psc_connection_status": "",
            "self_link": "https://www.googleapis.com/compute/v1/projects/movie-app-464210/global/forwardingRules/movie-app-http-forwarding-rule",
            "service_directory_registrations": [],
            "source_ip_ranges": null,
            "subnetwork": "",
            "target": "https://www.googleapis.com/compute/v1/projects/movie-app-464210/global/targetHttpProxies/movie-app-http-proxy",
            "terraform_labels": {},
            "timeouts": null
          },
          "sensitive_attributes": [],
          "private": "eyJlMmJmYjczMC1lY2FhLTExZTYtOGY4OC0zNDM2M2JjN2M0YzAiOnsiY3JlYXRlIjoxMjAwMDAwMDAwMDAwLCJkZWxldGUiOjEyMDAwMDAwMDAwMDAsInVwZGF0ZSI6MTIwMDAwMDAwMDAwMH19",
          "dependencies": [
            "google_compute_global_address.external_ip",
            "google_compute_target_http_proxy.http_proxy",
            "google_compute_url_map.redirect_url_map"
          ]
        }
      ]
    },
    {
      "mode": "managed",
      "type": "google_compute_global_forwarding_rule",
      "name": "https_forwarding_rule",
      "provider": "provider[\"registry.terraform.io/hashicorp/google\"]",
      "instances": []
    },
    {
      "mode": "managed",
      "type": "google_compute_health_check",
      "name": "auth_health_check",
      "provider": "provider[\"registry.terraform.io/hashicorp/google\"]",
      "instances": [
        {
          "schema_version": 0,
          "attributes": {
            "check_interval_sec": 10,
            "creation_timestamp": "2025-06-27T05:17:14.007-07:00",
            "description": "",
            "grpc_health_check": [],
            "healthy_threshold": 2,
            "http2_health_check": [],
            "http_health_check": [
              {
                "host": "",
                "port": 3001,
                "port_name": "",
                "port_specification": "",
                "proxy_header": "NONE",
                "request_path": "/health",
                "response": ""
              }
            ],
            "https_health_check": [],
            "id": "projects/movie-app-464210/global/healthChecks/movie-app-auth-health-check",
            "log_config": [
              {
                "enable": false
              }
            ],
            "name": "movie-app-auth-health-check",
            "project": "movie-app-464210",
            "self_link": "https://www.googleapis.com/compute/v1/projects/movie-app-464210/global/healthChecks/movie-app-auth-health-check",
            "source_regions": null,
            "ssl_health_check": [],
            "tcp_health_check": [],
            "timeout_sec": 5,
            "timeouts": null,
            "type": "HTTP",
            "unhealthy_threshold": 2
          },
          "sensitive_attributes": [],
          "private": "eyJlMmJmYjczMC1lY2FhLTExZTYtOGY4OC0zNDM2M2JjN2M0YzAiOnsiY3JlYXRlIjoxMjAwMDAwMDAwMDAwLCJkZWxldGUiOjEyMDAwMDAwMDAwMDAsInVwZGF0ZSI6MTIwMDAwMDAwMDAwMH19"
        }
      ]
    },
    {
      "mode": "managed",
      "type": "google_compute_health_check",
      "name": "cinema_health_check",
      "provider": "provider[\"registry.terraform.io/hashicorp/google\"]",
      "instances": [
        {
          "schema_version": 0,
          "attributes": {
            "check_interval_sec": 10,
            "creation_timestamp": "2025-06-27T05:17:14.009-07:00",
            "description": "",
            "grpc_health_check": [],
            "healthy_threshold": 2,
            "http2_health_check": [],
            "http_health_check": [
              {
                "host": "",
                "port": 3004,
                "port_name": "",
                "port_specification": "",
                "proxy_header": "NONE",
                "request_path": "/health",
                "response": ""
              }
            ],
            "https_health_check": [],
            "id": "projects/movie-app-464210/global/healthChecks/movie-app-cinema-health-check",
            "log_config": [
              {
                "enable": false
              }
            ],
            "name": "movie-app-cinema-health-check",
            "project": "movie-app-464210",
            "self_link": "https://www.googleapis.com/compute/v1/projects/movie-app-464210/global/healthChecks/movie-app-cinema-health-check",
            "source_regions": null,
            "ssl_health_check": [],
            "tcp_health_check": [],
            "timeout_sec": 5,
            "timeouts": null,
            "type": "HTTP",
            "unhealthy_threshold": 2
          },
          "sensitive_attributes": [],
          "private": "eyJlMmJmYjczMC1lY2FhLTExZTYtOGY4OC0zNDM2M2JjN2M0YzAiOnsiY3JlYXRlIjoxMjAwMDAwMDAwMDAwLCJkZWxldGUiOjEyMDAwMDAwMDAwMDAsInVwZGF0ZSI6MTIwMDAwMDAwMDAwMH19"
        }
      ]
    },
    {
      "mode": "managed",
      "type": "google_compute_health_check",
      "name": "health_check",
      "provider": "provider[\"registry.terraform.io/hashicorp/google\"]",
      "instances": [
        {
          "schema_version": 0,
          "attributes": {
            "check_interval_sec": 10,
            "creation_timestamp": "2025-06-27T05:17:21.520-07:00",
            "description": "",
            "grpc_health_check": [],
            "healthy_threshold": 2,
            "http2_health_check": [],
            "http_health_check": [
              {
                "host": "",
                "port": 80,
                "port_name": "",
                "port_specification": "",
                "proxy_header": "NONE",
                "request_path": "/health",
                "response": ""
              }
            ],
            "https_health_check": [],
            "id": "projects/movie-app-464210/global/healthChecks/movie-app-health-check",
            "log_config": [
              {
                "enable": false
              }
            ],
            "name": "movie-app-health-check",
            "project": "movie-app-464210",
            "self_link": "https://www.googleapis.com/compute/v1/projects/movie-app-464210/global/healthChecks/movie-app-health-check",
            "source_regions": null,
            "ssl_health_check": [],
            "tcp_health_check": [],
            "timeout_sec": 5,
            "timeouts": null,
            "type": "HTTP",
            "unhealthy_threshold": 2
          },
          "sensitive_attributes": [],
          "private": "eyJlMmJmYjczMC1lY2FhLTExZTYtOGY4OC0zNDM2M2JjN2M0YzAiOnsiY3JlYXRlIjoxMjAwMDAwMDAwMDAwLCJkZWxldGUiOjEyMDAwMDAwMDAwMDAsInVwZGF0ZSI6MTIwMDAwMDAwMDAwMH19"
        }
      ]
    },
    {
      "mode": "managed",
      "type": "google_compute_health_check",
      "name": "movie_health_check",
      "provider": "provider[\"registry.terraform.io/hashicorp/google\"]",
      "instances": [
        {
          "schema_version": 0,
          "attributes": {
            "check_interval_sec": 10,
            "creation_timestamp": "2025-06-27T05:17:14.011-07:00",
            "description": "",
            "grpc_health_check": [],
            "healthy_threshold": 2,
            "http2_health_check": [],
            "http_health_check": [
              {
                "host": "",
                "port": 3003,
                "port_name": "",
                "port_specification": "",
                "proxy_header": "NONE",
                "request_path": "/health",
                "response": ""
              }
            ],
            "https_health_check": [],
            "id": "projects/movie-app-464210/global/healthChecks/movie-app-movie-health-check",
            "log_config": [
              {
                "enable": false
              }
            ],
            "name": "movie-app-movie-health-check",
            "project": "movie-app-464210",
            "self_link": "https://www.googleapis.com/compute/v1/projects/movie-app-464210/global/healthChecks/movie-app-movie-health-check",
            "source_regions": null,
            "ssl_health_check": [],
            "tcp_health_check": [],
            "timeout_sec": 5,
            "timeouts": null,
            "type": "HTTP",
            "unhealthy_threshold": 2
          },
          "sensitive_attributes": [],
          "private": "eyJlMmJmYjczMC1lY2FhLTExZTYtOGY4OC0zNDM2M2JjN2M0YzAiOnsiY3JlYXRlIjoxMjAwMDAwMDAwMDAwLCJkZWxldGUiOjEyMDAwMDAwMDAwMDAsInVwZGF0ZSI6MTIwMDAwMDAwMDAwMH19"
        }
      ]
    },
    {
      "mode": "managed",
      "type": "google_compute_health_check",
      "name": "reservation_health_check",
      "provider": "provider[\"registry.terraform.io/hashicorp/google\"]",
      "instances": [
        {
          "schema_version": 0,
          "attributes": {
            "check_interval_sec": 10,
            "creation_timestamp": "2025-06-27T05:17:25.018-07:00",
            "description": "",
            "grpc_health_check": [],
            "healthy_threshold": 2,
            "http2_health_check": [],
            "http_health_check": [
              {
                "host": "",
                "port": 3005,
                "port_name": "",
                "port_specification": "",
                "proxy_header": "NONE",
                "request_path": "/health",
                "response": ""
              }
            ],
            "https_health_check": [],
            "id": "projects/movie-app-464210/global/healthChecks/movie-app-reservation-health-check",
            "log_config": [
              {
                "enable": false
              }
            ],
            "name": "movie-app-reservation-health-check",
            "project": "movie-app-464210",
            "self_link": "https://www.googleapis.com/compute/v1/projects/movie-app-464210/global/healthChecks/movie-app-reservation-health-check",
            "source_regions": null,
            "ssl_health_check": [],
            "tcp_health_check": [],
            "timeout_sec": 5,
            "timeouts": null,
            "type": "HTTP",
            "unhealthy_threshold": 2
          },
          "sensitive_attributes": [],
          "private": "eyJlMmJmYjczMC1lY2FhLTExZTYtOGY4OC0zNDM2M2JjN2M0YzAiOnsiY3JlYXRlIjoxMjAwMDAwMDAwMDAwLCJkZWxldGUiOjEyMDAwMDAwMDAwMDAsInVwZGF0ZSI6MTIwMDAwMDAwMDAwMH19"
        }
      ]
    },
    {
      "mode": "managed",
      "type": "google_compute_health_check",
      "name": "user_health_check",
      "provider": "provider[\"registry.terraform.io/hashicorp/google\"]",
      "instances": [
        {
          "schema_version": 0,
          "attributes": {
            "check_interval_sec": 10,
            "creation_timestamp": "2025-06-27T05:17:14.009-07:00",
            "description": "",
            "grpc_health_check": [],
            "healthy_threshold": 2,
            "http2_health_check": [],
            "http_health_check": [
              {
                "host": "",
                "port": 3002,
                "port_name": "",
                "port_specification": "",
                "proxy_header": "NONE",
                "request_path": "/health",
                "response": ""
              }
            ],
            "https_health_check": [],
            "id": "projects/movie-app-464210/global/healthChecks/movie-app-user-health-check",
            "log_config": [
              {
                "enable": false
              }
            ],
            "name": "movie-app-user-health-check",
            "project": "movie-app-464210",
            "self_link": "https://www.googleapis.com/compute/v1/projects/movie-app-464210/global/healthChecks/movie-app-user-health-check",
            "source_regions": null,
            "ssl_health_check": [],
            "tcp_health_check": [],
            "timeout_sec": 5,
            "timeouts": null,
            "type": "HTTP",
            "unhealthy_threshold": 2
          },
          "sensitive_attributes": [],
          "private": "eyJlMmJmYjczMC1lY2FhLTExZTYtOGY4OC0zNDM2M2JjN2M0YzAiOnsiY3JlYXRlIjoxMjAwMDAwMDAwMDAwLCJkZWxldGUiOjEyMDAwMDAwMDAwMDAsInVwZGF0ZSI6MTIwMDAwMDAwMDAwMH19"
        }
      ]
    },
    {
      "mode": "managed",
      "type": "google_compute_managed_ssl_certificate",
      "name": "ssl_cert",
      "provider": "provider[\"registry.terraform.io/hashicorp/google\"]",
      "instances": [
        {
          "schema_version": 0,
          "attributes": {
            "certificate_id": 4368765170905986362,
            "creation_timestamp": "2025-06-27T05:17:25.512-07:00",
            "description": "",
            "expire_time": "",
            "id": "projects/movie-app-464210/global/sslCertificates/movie-app-ssl-cert",
            "managed": [
              {
                "domains": [
                  "movie-app.maximilien-bey.com"
                ]
              }
            ],
            "name": "movie-app-ssl-cert",
            "project": "movie-app-464210",
            "self_link": "https://www.googleapis.com/compute/v1/projects/movie-app-464210/global/sslCertificates/movie-app-ssl-cert",
            "subject_alternative_names": [],
            "timeouts": null,
            "type": "MANAGED"
          },
          "sensitive_attributes": [],
          "private": "eyJlMmJmYjczMC1lY2FhLTExZTYtOGY4OC0zNDM2M2JjN2M0YzAiOnsiY3JlYXRlIjoxODAwMDAwMDAwMDAwLCJkZWxldGUiOjE4MDAwMDAwMDAwMDB9fQ=="
        }
      ]
    },
    {
      "mode": "managed",
      "type": "google_compute_network",
      "name": "vpc_network",
      "provider": "provider[\"registry.terraform.io/hashicorp/google\"]",
      "instances": [
        {
          "schema_version": 0,
          "attributes": {
            "auto_create_subnetworks": false,
            "delete_default_routes_on_create": false,
            "description": "",
            "enable_ula_internal_ipv6": false,
            "gateway_ipv4": "",
            "id": "projects/movie-app-464210/global/networks/movie-app-vpc",
            "internal_ipv6_range": "",
            "mtu": 0,
            "name": "movie-app-vpc",
            "network_firewall_policy_enforcement_order": "AFTER_CLASSIC_FIREWALL",
            "numeric_id": "1822998103057446202",
            "project": "movie-app-464210",
            "routing_mode": "REGIONAL",
            "self_link": "https://www.googleapis.com/compute/v1/projects/movie-app-464210/global/networks/movie-app-vpc",
            "timeouts": null
          },
          "sensitive_attributes": [],
          "private": "eyJlMmJmYjczMC1lY2FhLTExZTYtOGY4OC0zNDM2M2JjN2M0YzAiOnsiY3JlYXRlIjoxMjAwMDAwMDAwMDAwLCJkZWxldGUiOjEyMDAwMDAwMDAwMDAsInVwZGF0ZSI6MTIwMDAwMDAwMDAwMH19",
          "dependencies": [
            "google_project_service.required_apis"
          ]
        }
      ]
    },
    {
      "mode": "managed",
      "type": "google_compute_subnetwork",
      "name": "gke_subnet",
      "provider": "provider[\"registry.terraform.io/hashicorp/google\"]",
      "instances": [
        {
          "schema_version": 0,
          "attributes": {
            "creation_timestamp": "2025-06-27T05:17:48.477-07:00",
            "description": "",
            "external_ipv6_prefix": "",
            "fingerprint": null,
            "gateway_address": "10.0.0.1",
            "id": "projects/movie-app-464210/regions/us-central1/subnetworks/movie-app-gke-subnet",
            "internal_ipv6_prefix": "",
            "ip_cidr_range": "10.0.0.0/16",
            "ipv6_access_type": "",
            "ipv6_cidr_range": "",
            "log_config": [],
            "name": "movie-app-gke-subnet",
            "network": "https://www.googleapis.com/compute/v1/projects/movie-app-464210/global/networks/movie-app-vpc",
            "private_ip_google_access": false,
            "private_ipv6_google_access": "DISABLE_GOOGLE_ACCESS",
            "project": "movie-app-464210",
            "purpose": "PRIVATE",
            "region": "us-central1",
            "role": "",
            "secondary_ip_range": [
              {
                "ip_cidr_range": "10.1.0.0/16",
                "range_name": "pods"
              },
              {
                "ip_cidr_range": "10.2.0.0/16",
                "range_name": "services"
              }
            ],
            "self_link": "https://www.googleapis.com/compute/v1/projects/movie-app-464210/regions/us-central1/subnetworks/movie-app-gke-subnet",
            "send_secondary_ip_range_if_empty": null,
            "stack_type": "IPV4_ONLY",
            "timeouts": null
          },
          "sensitive_attributes": [],
          "private": "eyJlMmJmYjczMC1lY2FhLTExZTYtOGY4OC0zNDM2M2JjN2M0YzAiOnsiY3JlYXRlIjoxMjAwMDAwMDAwMDAwLCJkZWxldGUiOjEyMDAwMDAwMDAwMDAsInVwZGF0ZSI6MTIwMDAwMDAwMDAwMH19",
          "dependencies": [
            "google_compute_network.vpc_network",
            "google_project_service.required_apis"
          ]
        }
      ]
    },
    {
      "mode": "managed",
      "type": "google_compute_target_http_proxy",
      "name": "http_proxy",
      "provider": "provider[\"registry.terraform.io/hashicorp/google\"]",
      "instances": [
        {
          "schema_version": 0,
          "attributes": {
            "creation_timestamp": "2025-06-27T05:17:37.253-07:00",
            "description": "",
            "http_keep_alive_timeout_sec": 0,
            "id": "projects/movie-app-464210/global/targetHttpProxies/movie-app-http-proxy",
            "name": "movie-app-http-proxy",
            "project": "movie-app-464210",
            "proxy_bind": false,
            "proxy_id": 4291811893971203342,
            "self_link": "https://www.googleapis.com/compute/v1/projects/movie-app-464210/global/targetHttpProxies/movie-app-http-proxy",
            "timeouts": null,
            "url_map": "https://www.googleapis.com/compute/v1/projects/movie-app-464210/global/urlMaps/movie-app-redirect-url-map"
          },
          "sensitive_attributes": [],
          "private": "eyJlMmJmYjczMC1lY2FhLTExZTYtOGY4OC0zNDM2M2JjN2M0YzAiOnsiY3JlYXRlIjoxMjAwMDAwMDAwMDAwLCJkZWxldGUiOjEyMDAwMDAwMDAwMDAsInVwZGF0ZSI6MTIwMDAwMDAwMDAwMH19",
          "dependencies": [
            "google_compute_url_map.redirect_url_map"
          ]
        }
      ]
    },
    {
      "mode": "managed",
      "type": "google_compute_target_https_proxy",
      "name": "https_proxy",
      "provider": "provider[\"registry.terraform.io/hashicorp/google\"]",
      "instances": []
    },
    {
      "mode": "managed",
      "type": "google_compute_url_map",
      "name": "redirect_url_map",
      "provider": "provider[\"registry.terraform.io/hashicorp/google\"]",
      "instances": [
        {
          "schema_version": 0,
          "attributes": {
            "creation_timestamp": "2025-06-27T05:17:25.657-07:00",
            "default_route_action": [],
            "default_service": "",
            "default_url_redirect": [
              {
                "host_redirect": "",
                "https_redirect": true,
                "path_redirect": "",
                "prefix_redirect": "",
                "redirect_response_code": "MOVED_PERMANENTLY_DEFAULT",
                "strip_query": false
              }
            ],
            "description": "",
            "fingerprint": "8DW9OkX2Ass=",
            "header_action": [],
            "host_rule": [],
            "id": "projects/movie-app-464210/global/urlMaps/movie-app-redirect-url-map",
            "map_id": 5136863558615905594,
            "name": "movie-app-redirect-url-map",
            "path_matcher": [],
            "project": "movie-app-464210",
            "self_link": "https://www.googleapis.com/compute/v1/projects/movie-app-464210/global/urlMaps/movie-app-redirect-url-map",
            "test": [],
            "timeouts": null
          },
          "sensitive_attributes": [],
          "private": "eyJlMmJmYjczMC1lY2FhLTExZTYtOGY4OC0zNDM2M2JjN2M0YzAiOnsiY3JlYXRlIjoxMjAwMDAwMDAwMDAwLCJkZWxldGUiOjEyMDAwMDAwMDAwMDAsInVwZGF0ZSI6MTIwMDAwMDAwMDAwMH19"
        }
      ]
    },
    {
      "mode": "managed",
      "type": "google_compute_url_map",
      "name": "url_map",
      "provider": "provider[\"registry.terraform.io/hashicorp/google\"]",
      "instances": []
    },
    {
      "mode": "managed",
      "type": "google_container_cluster",
      "name": "primary",
      "provider": "provider[\"registry.terraform.io/hashicorp/google\"]",
      "instances": [
        {
          "schema_version": 2,
          "attributes": {
            "addons_config": [
              {
                "cloudrun_config": [],
                "config_connector_config": [],
                "dns_cache_config": [],
                "gce_persistent_disk_csi_driver_config": [
                  {
                    "enabled": true
                  }
                ],
                "gcp_filestore_csi_driver_config": [],
                "gcs_fuse_csi_driver_config": [],
                "gke_backup_agent_config": [],
                "horizontal_pod_autoscaling": [
                  {
                    "disabled": false
                  }
                ],
                "http_load_balancing": [
                  {
                    "disabled": false
                  }
                ],
                "network_policy_config": [
                  {
                    "disabled": true
                  }
                ],
                "ray_operator_config": [],
                "stateful_ha_config": []
              }
            ],
            "allow_net_admin": null,
            "authenticator_groups_config": [],
            "binary_authorization": [
              {
                "enabled": false,
                "evaluation_mode": ""
              }
            ],
            "cluster_autoscaling": [
              {
                "auto_provisioning_defaults": [],
                "auto_provisioning_locations": [],
                "autoscaling_profile": "BALANCED",
                "enabled": false,
                "resource_limits": []
              }
            ],
            "cluster_ipv4_cidr": "10.1.0.0/16",
            "confidential_nodes": [],
            "cost_management_config": [],
            "database_encryption": [
              {
                "key_name": "",
                "state": "DECRYPTED"
              }
            ],
            "datapath_provider": "",
            "default_max_pods_per_node": 110,
            "default_snat_status": [
              {
                "disabled": false
              }
            ],
            "deletion_protection": false,
            "description": "",
            "dns_config": [],
            "enable_autopilot": false,
            "enable_cilium_clusterwide_network_policy": false,
            "enable_intranode_visibility": false,
            "enable_k8s_beta_apis": [],
            "enable_kubernetes_alpha": false,
            "enable_l4_ilb_subsetting": false,
            "enable_legacy_abac": false,
            "enable_multi_networking": false,
            "enable_shielded_nodes": true,
            "enable_tpu": false,
            "endpoint": "34.44.64.199",
            "fleet": [],
            "gateway_api_config": [],
            "id": "projects/movie-app-464210/locations/us-central1-a/clusters/movie-app-cluster-dy3l",
            "identity_service_config": [],
            "initial_node_count": 1,
            "ip_allocation_policy": [
              {
                "additional_pod_ranges_config": [],
                "cluster_ipv4_cidr_block": "10.1.0.0/16",
                "cluster_secondary_range_name": "pods",
                "pod_cidr_overprovision_config": [
                  {
                    "disabled": false
                  }
                ],
                "services_ipv4_cidr_block": "10.2.0.0/16",
                "services_secondary_range_name": "services",
                "stack_type": "IPV4"
              }
            ],
            "label_fingerprint": "a9dc16a7",
            "location": "us-central1-a",
            "logging_config": [
              {
                "enable_components": [
                  "SYSTEM_COMPONENTS",
                  "WORKLOADS"
                ]
              }
            ],
            "logging_service": "logging.googleapis.com/kubernetes",
            "maintenance_policy": [],
            "master_auth": [
              {
                "client_certificate": "",
                "client_certificate_config": [
                  {
                    "issue_client_certificate": false
                  }
                ],
                "client_key": "",
                "cluster_ca_certificate": "LS0tLS1CRUdJTiBDRVJUSUZJQ0FURS0tLS0tCk1JSUVMRENDQXBTZ0F3SUJBZ0lRYXBzdkF2N21IVEx2N1VLZzNhU2tYakFOQmdrcWhraUc5dzBCQVFzRkFEQXYKTVMwd0t3WURWUVFERXlRM09UZ3hPVGt6TWkwMU1EQm1MVFJpWkdVdFltWmpNUzAzWXpReE5HRXdPVFEwT1dVdwpJQmNOTWpVd05qSTNNVEV4T0RJMFdoZ1BNakExTlRBMk1qQXhNakU0TWpSYU1DOHhMVEFyQmdOVkJBTVRKRGM1Ck9ERTVPVE15TFRVd01HWXROR0prWlMxaVptTXhMVGRqTkRFMFlUQTVORFE1WlRDQ0FhSXdEUVlKS29aSWh2Y04KQVFFQkJRQURnZ0dQQURDQ0FZb0NnZ0dCQUtBNTJ4Rjl4MjhWeGVFQnlEeVhwcnlzKzZ1amhIcnpxSUJQdTZZWApXdkFldXRKc2ZBeEZkZjJHbVBldWJRaUZITmpoOTU5cVh0OXBEeDlpU2VkRXVveFN3dFFCazBiWjBnbTZLT25kCjB1aG9nY29nY1lzakZjdGo3cXE1VTlSZGhmQUxwK00rVzAwbzYwN2hhYUR3RjU2cWxaUW9KdDh4b25BWGw2ODEKRlBrOERzWlRwWmhDcG1QSTl1VjJ5MHdqRWhLaUJUblhuYTlnT2hIcSt6SFp1S2F3cSs4UkhYWkdhR2hkMm5BawpJb3V2NWtRQUVNaUtsQ3gySm9tUHRMR1dPRkpOKzUwWE53Qkh3SDJ4T2NxTHJKeTdJaWY4WVAxQ0RIVlllYTJuClF1TE80OFdsd3l2UHIxWE4rbVVnVVBoWmpxSGYwM1ZxWW9uWFBGVVA4TGhBY1JnSTk1S2JrdTlPbkdmWG9kNTEKQWdZZUpNSmplZEgzd0VjN1A2bVQzeFJxNVliMUdNRWdYVGVWZXUrTkJDMVFqbFNtSjZpRWtwbEpuUXRRRDlZaApVTWFIUlQybDVYeEtYU29YRWlXeHJZV1Q1WWcxU0p1NTNHa0toanpVTmcvZlpHZDhMWkttcS9CL0NiaE42T2ZICnM2YVpDeGNibnZaZVRvMC9uNVh3UmF5NlV3SURBUUFCbzBJd1FEQU9CZ05WSFE4QkFmOEVCQU1DQWdRd0R3WUQKVlIwVEFRSC9CQVV3QXdFQi96QWRCZ05WSFE0RUZnUVVxbWluSzRTTzl1VWlzRlRweHBvOFZRYzlsNEF3RFFZSgpLb1pJaHZjTkFRRUxCUUFEZ2dHQkFCZ0lsTnl0R3JqWTQ2d0JjMGpCdmdPKzRsOGkrNGtJU1JaY1JRUCsxL0FpClkyZFhaZWRTZUkvdmt3WWloUTg3Y21DZWlHUVBRQ2tSNUdCT0xmN1NPbWhpR1hGSGtvellBVUEvV2k0eGlTR2oKWklZUTRxWEZUSkgxa3dpL2J5SzVrcW14YU5UMUtHQ0Ntbzk1UlMwcnVTYjBPTWpuYlUxVS9nWktZaVcvOVVSZgpjR21PVnVJbXBVVjhQNGpJdzEvTWtvWHBycTkrTGxuOEFsWTZFWCtTTDJFRGRRbllJRmRXdDFuanpDTzZxUkRxCnB6aGdWWW5RT0UvRkxnaGtwZzgrWmdocUlEMk5rbGJaSEJyOWx0RG9qVXZUbFBPSGJhSWVNTkJDTTJPTXd4S1QKdmZMRHJjSkRjMk9ZdXVTVzZjUWh1UGRIbzBWU0dDVFQxbUhjaVRaa1ZuZlo0bTYxL2ZUUTcyZnpkbEo0UVBYMQo1Ty9nTlE0Ny9SemhOR1hhZEU0VWRNaURkeWRVTHRnWFFCaExQejJOUWhGZ2xRK09hNlQzdUorRHl6ZUEzQWJICmoxcmhBYW9HdFBmSTZMUEtVVDVYYlFKbVk1dklSMzFUd0k5Um1vS0FrcE9JMU1ZTFZMeWdGd054dk1nM2ZrdVIKT2lUTllSdEJXNGtCV2RrSkZtT1k1Zz09Ci0tLS0tRU5EIENFUlRJRklDQVRFLS0tLS0K"
              }
            ],
            "master_authorized_networks_config": [],
            "master_version": "1.32.4-gke.1415000",
            "mesh_certificates": [],
            "min_master_version": null,
            "monitoring_config": [
              {
                "advanced_datapath_observability_config": [
                  {
                    "enable_metrics": false,
                    "enable_relay": false,
                    "relay_mode": "DISABLED"
                  }
                ],
                "enable_components": [
                  "SYSTEM_COMPONENTS",
                  "HPA",
                  "POD",
                  "DAEMONSET",
                  "DEPLOYMENT",
                  "STATEFULSET",
                  "JOBSET",
                  "STORAGE",
                  "CADVISOR",
                  "KUBELET",
                  "DCGM"
                ],
                "managed_prometheus": [
                  {
                    "enabled": true
                  }
                ]
              }
            ],
            "monitoring_service": "monitoring.googleapis.com/kubernetes",
            "name": "movie-app-cluster-dy3l",
            "network": "projects/movie-app-464210/global/networks/movie-app-vpc",
            "network_policy": [
              {
                "enabled": false,
                "provider": "PROVIDER_UNSPECIFIED"
              }
            ],
            "networking_mode": "VPC_NATIVE",
            "node_config": [],
            "node_locations": [],
            "node_pool": [],
            "node_pool_auto_config": [
              {
                "network_tags": [],
                "node_kubelet_config": [
                  {
                    "insecure_kubelet_readonly_port_enabled": "FALSE"
                  }
                ],
                "resource_manager_tags": {}
              }
            ],
            "node_pool_defaults": [
              {
                "node_config_defaults": [
                  {
                    "containerd_config": [],
                    "insecure_kubelet_readonly_port_enabled": "FALSE",
                    "logging_variant": "DEFAULT"
                  }
                ]
              }
            ],
            "node_version": "1.32.4-gke.1415000",
            "notification_config": [
              {
                "pubsub": [
                  {
                    "enabled": false,
                    "filter": [],
                    "topic": ""
                  }
                ]
              }
            ],
            "operation": null,
            "private_cluster_config": [
              {
                "enable_private_endpoint": false,
                "enable_private_nodes": false,
                "master_global_access_config": [
                  {
                    "enabled": false
                  }
                ],
                "master_ipv4_cidr_block": "",
                "peering_name": "",
                "private_endpoint": "10.0.0.2",
                "private_endpoint_subnetwork": "",
                "public_endpoint": "34.44.64.199"
              }
            ],
            "private_ipv6_google_access": "",
            "project": "movie-app-464210",
            "release_channel": [
              {
                "channel": "REGULAR"
              }
            ],
            "remove_default_node_pool": true,
            "resource_labels": null,
            "resource_usage_export_config": [],
            "security_posture_config": [
              {
                "mode": "BASIC",
                "vulnerability_mode": "VULNERABILITY_MODE_UNSPECIFIED"
              }
            ],
            "self_link": "https://container.googleapis.com/v1/projects/movie-app-464210/zones/us-central1-a/clusters/movie-app-cluster-dy3l",
            "service_external_ips_config": [
              {
                "enabled": false
              }
            ],
            "services_ipv4_cidr": "10.2.0.0/16",
            "subnetwork": "projects/movie-app-464210/regions/us-central1/subnetworks/movie-app-gke-subnet",
            "timeouts": null,
            "tpu_ipv4_cidr_block": "",
            "vertical_pod_autoscaling": [],
            "workload_identity_config": [
              {
                "workload_pool": "movie-app-464210.svc.id.goog"
              }
            ]
          },
          "sensitive_attributes": [],
          "private": "eyJlMmJmYjczMC1lY2FhLTExZTYtOGY4OC0zNDM2M2JjN2M0YzAiOnsiY3JlYXRlIjoyNDAwMDAwMDAwMDAwLCJkZWxldGUiOjI0MDAwMDAwMDAwMDAsInJlYWQiOjI0MDAwMDAwMDAwMDAsInVwZGF0ZSI6MzYwMDAwMDAwMDAwMH0sInNjaGVtYV92ZXJzaW9uIjoiMiJ9",
          "dependencies": [
            "google_compute_network.vpc_network",
            "google_compute_subnetwork.gke_subnet",
            "google_project_service.required_apis",
            "random_string.default"
          ]
        }
      ]
    },
    {
      "mode": "managed",
      "type": "google_container_node_pool",
      "name": "primary_nodes",
      "provider": "provider[\"registry.terraform.io/hashicorp/google\"]",
      "instances": [
        {
          "schema_version": 1,
          "attributes": {
            "autoscaling": [
              {
                "location_policy": "BALANCED",
                "max_node_count": 5,
                "min_node_count": 1,
                "total_max_node_count": 0,
                "total_min_node_count": 0
              }
            ],
            "cluster": "movie-app-cluster-dy3l",
            "id": "projects/movie-app-464210/locations/us-central1-a/clusters/movie-app-cluster-dy3l/nodePools/movie-app-cluster-dy3l-node-pool",
            "initial_node_count": 3,
            "instance_group_urls": [
              "https://www.googleapis.com/compute/v1/projects/movie-app-464210/zones/us-central1-a/instanceGroupManagers/gke-movie-app-cluste-movie-app-cluste-6981d1bc-grp"
            ],
            "location": "us-central1-a",
            "managed_instance_group_urls": [
              "https://www.googleapis.com/compute/v1/projects/movie-app-464210/zones/us-central1-a/instanceGroups/gke-movie-app-cluste-movie-app-cluste-6981d1bc-grp"
            ],
            "management": [
              {
                "auto_repair": true,
                "auto_upgrade": true
              }
            ],
            "max_pods_per_node": 110,
            "name": "movie-app-cluster-dy3l-node-pool",
            "name_prefix": "",
            "network_config": [
              {
                "additional_node_network_configs": [],
                "additional_pod_network_configs": [],
                "create_pod_range": false,
                "enable_private_nodes": false,
                "network_performance_config": [],
                "pod_cidr_overprovision_config": [],
                "pod_ipv4_cidr_block": "10.1.0.0/16",
                "pod_range": "pods"
              }
            ],
            "node_config": [
              {
                "advanced_machine_features": [],
                "boot_disk_kms_key": "",
                "confidential_nodes": [],
                "containerd_config": [],
                "disk_size_gb": 50,
                "disk_type": "pd-standard",
                "effective_taints": [],
                "enable_confidential_storage": false,
                "ephemeral_storage_local_ssd_config": [],
                "fast_socket": [],
                "gcfs_config": [],
                "guest_accelerator": [],
                "gvnic": [],
                "host_maintenance_policy": [],
                "image_type": "COS_CONTAINERD",
                "kubelet_config": [
                  {
                    "cpu_cfs_quota": false,
                    "cpu_cfs_quota_period": "",
                    "cpu_manager_policy": "",
                    "insecure_kubelet_readonly_port_enabled": "FALSE",
                    "pod_pids_limit": 0
                  }
                ],
                "labels": {
                  "app": "movie-app",
                  "env": "prod"
                },
                "linux_node_config": [],
                "local_nvme_ssd_block_config": [],
                "local_ssd_count": 0,
                "logging_variant": "DEFAULT",
                "machine_type": "e2-medium",
                "metadata": {
                  "disable-legacy-endpoints": "true"
                },
                "min_cpu_platform": "",
                "node_group": "",
                "oauth_scopes": [
                  "https://www.googleapis.com/auth/cloud-platform"
                ],
                "preemptible": false,
                "reservation_affinity": [],
                "resource_labels": {
                  "goog-gke-node-pool-provisioning-model": "on-demand"
                },
                "resource_manager_tags": null,
                "secondary_boot_disks": [],
                "service_account": "movie-app-gke-sa@movie-app-464210.iam.gserviceaccount.com",
                "shielded_instance_config": [
                  {
                    "enable_integrity_monitoring": true,
                    "enable_secure_boot": false
                  }
                ],
                "sole_tenant_config": [],
                "spot": false,
                "tags": [
                  "gke-node",
                  "movie-app-gke"
                ],
                "taint": [],
                "workload_metadata_config": [
                  {
                    "mode": "GKE_METADATA"
                  }
                ]
              }
            ],
            "node_count": 3,
            "node_locations": [
              "us-central1-a"
            ],
            "operation": null,
            "placement_policy": [],
            "project": "movie-app-464210",
            "queued_provisioning": [],
            "timeouts": null,
            "upgrade_settings": [
              {
                "blue_green_settings": [],
                "max_surge": 1,
                "max_unavailable": 0,
                "strategy": "SURGE"
              }
            ],
            "version": "1.32.4-gke.1415000"
          },
          "sensitive_attributes": [],
          "private": "eyJlMmJmYjczMC1lY2FhLTExZTYtOGY4OC0zNDM2M2JjN2M0YzAiOnsiY3JlYXRlIjoxODAwMDAwMDAwMDAwLCJkZWxldGUiOjE4MDAwMDAwMDAwMDAsInVwZGF0ZSI6MTgwMDAwMDAwMDAwMH0sInNjaGVtYV92ZXJzaW9uIjoiMSJ9",
          "dependencies": [
            "google_compute_network.vpc_network",
            "google_compute_subnetwork.gke_subnet",
            "google_container_cluster.primary",
            "google_project_service.required_apis",
            "google_service_account.gke_service_account",
            "random_string.default"
          ]
        }
      ]
    },
    {
      "mode": "managed",
      "type": "google_project_iam_member",
      "name": "cloudbuild_service_account_roles",
      "provider": "provider[\"registry.terraform.io/hashicorp/google\"]",
      "instances": [
        {
          "index_key": "roles/cloudbuild.builds.builder",
          "schema_version": 0,
          "attributes": {
            "condition": [],
            "etag": "BwY4jKmHt/c=",
            "id": "movie-app-464210/roles/cloudbuild.builds.builder/serviceAccount:movie-app-cloudbuild-sa@movie-app-464210.iam.gserviceaccount.com",
            "member": "serviceAccount:movie-app-cloudbuild-sa@movie-app-464210.iam.gserviceaccount.com",
            "project": "movie-app-464210",
            "role": "roles/cloudbuild.builds.builder"
          },
          "sensitive_attributes": [],
          "private": "bnVsbA==",
          "dependencies": [
            "google_service_account.cloudbuild_service_account"
          ]
        },
        {
          "index_key": "roles/container.developer",
          "schema_version": 0,
          "attributes": {
            "condition": [],
            "etag": "BwY4jKmHt/c=",
            "id": "movie-app-464210/roles/container.developer/serviceAccount:movie-app-cloudbuild-sa@movie-app-464210.iam.gserviceaccount.com",
            "member": "serviceAccount:movie-app-cloudbuild-sa@movie-app-464210.iam.gserviceaccount.com",
            "project": "movie-app-464210",
            "role": "roles/container.developer"
          },
          "sensitive_attributes": [],
          "private": "bnVsbA==",
          "dependencies": [
            "google_service_account.cloudbuild_service_account"
          ]
        },
        {
          "index_key": "roles/storage.admin",
          "schema_version": 0,
          "attributes": {
            "condition": [],
            "etag": "BwY4jKmHt/c=",
            "id": "movie-app-464210/roles/storage.admin/serviceAccount:movie-app-cloudbuild-sa@movie-app-464210.iam.gserviceaccount.com",
            "member": "serviceAccount:movie-app-cloudbuild-sa@movie-app-464210.iam.gserviceaccount.com",
            "project": "movie-app-464210",
            "role": "roles/storage.admin"
          },
          "sensitive_attributes": [],
          "private": "bnVsbA==",
          "dependencies": [
            "google_service_account.cloudbuild_service_account"
          ]
        }
      ]
    },
    {
      "mode": "managed",
      "type": "google_project_iam_member",
      "name": "gke_service_account_roles",
      "provider": "provider[\"registry.terraform.io/hashicorp/google\"]",
      "instances": [
        {
          "index_key": "roles/container.nodeServiceAgent",
          "schema_version": 0,
          "attributes": {
            "condition": [],
            "etag": "BwY4jKpgtEs=",
            "id": "movie-app-464210/roles/container.nodeServiceAgent/serviceAccount:movie-app-gke-sa@movie-app-464210.iam.gserviceaccount.com",
            "member": "serviceAccount:movie-app-gke-sa@movie-app-464210.iam.gserviceaccount.com",
            "project": "movie-app-464210",
            "role": "roles/container.nodeServiceAgent"
          },
          "sensitive_attributes": [],
          "private": "bnVsbA==",
          "dependencies": [
            "google_service_account.gke_service_account"
          ]
        },
        {
          "index_key": "roles/logging.logWriter",
          "schema_version": 0,
          "attributes": {
            "condition": [],
            "etag": "BwY4jKpgtEs=",
            "id": "movie-app-464210/roles/logging.logWriter/serviceAccount:movie-app-gke-sa@movie-app-464210.iam.gserviceaccount.com",
            "member": "serviceAccount:movie-app-gke-sa@movie-app-464210.iam.gserviceaccount.com",
            "project": "movie-app-464210",
            "role": "roles/logging.logWriter"
          },
          "sensitive_attributes": [],
          "private": "bnVsbA==",
          "dependencies": [
            "google_service_account.gke_service_account"
          ]
        },
        {
          "index_key": "roles/monitoring.metricWriter",
          "schema_version": 0,
          "attributes": {
            "condition": [],
            "etag": "BwY4jKpgtEs=",
            "id": "movie-app-464210/roles/monitoring.metricWriter/serviceAccount:movie-app-gke-sa@movie-app-464210.iam.gserviceaccount.com",
            "member": "serviceAccount:movie-app-gke-sa@movie-app-464210.iam.gserviceaccount.com",
            "project": "movie-app-464210",
            "role": "roles/monitoring.metricWriter"
          },
          "sensitive_attributes": [],
          "private": "bnVsbA==",
          "dependencies": [
            "google_service_account.gke_service_account"
          ]
        },
        {
          "index_key": "roles/monitoring.viewer",
          "schema_version": 0,
          "attributes": {
            "condition": [],
            "etag": "BwY4jKpgtEs=",
            "id": "movie-app-464210/roles/monitoring.viewer/serviceAccount:movie-app-gke-sa@movie-app-464210.iam.gserviceaccount.com",
            "member": "serviceAccount:movie-app-gke-sa@movie-app-464210.iam.gserviceaccount.com",
            "project": "movie-app-464210",
            "role": "roles/monitoring.viewer"
          },
          "sensitive_attributes": [],
          "private": "bnVsbA==",
          "dependencies": [
            "google_service_account.gke_service_account"
          ]
        }
      ]
    },
    {
      "mode": "managed",
      "type": "google_project_iam_member",
      "name": "workload_identity_sa_roles",
      "provider": "provider[\"registry.terraform.io/hashicorp/google\"]",
      "instances": [
        {
          "index_key": "roles/cloudsql.client",
          "schema_version": 0,
          "attributes": {
            "condition": [],
            "etag": "BwY4jKoAj7c=",
            "id": "movie-app-464210/roles/cloudsql.client/serviceAccount:movie-app-workload-sa@movie-app-464210.iam.gserviceaccount.com",
            "member": "serviceAccount:movie-app-workload-sa@movie-app-464210.iam.gserviceaccount.com",
            "project": "movie-app-464210",
            "role": "roles/cloudsql.client"
          },
          "sensitive_attributes": [],
          "private": "bnVsbA==",
          "dependencies": [
            "google_service_account.workload_identity_sa"
          ]
        },
        {
          "index_key": "roles/secretmanager.secretAccessor",
          "schema_version": 0,
          "attributes": {
            "condition": [],
            "etag": "BwY4jKoAj7c=",
            "id": "movie-app-464210/roles/secretmanager.secretAccessor/serviceAccount:movie-app-workload-sa@movie-app-464210.iam.gserviceaccount.com",
            "member": "serviceAccount:movie-app-workload-sa@movie-app-464210.iam.gserviceaccount.com",
            "project": "movie-app-464210",
            "role": "roles/secretmanager.secretAccessor"
          },
          "sensitive_attributes": [],
          "private": "bnVsbA==",
          "dependencies": [
            "google_service_account.workload_identity_sa"
          ]
        }
      ]
    },
    {
      "mode": "managed",
      "type": "google_project_service",
      "name": "required_apis",
      "provider": "provider[\"registry.terraform.io/hashicorp/google\"]",
      "instances": [
        {
          "index_key": "artifactregistry.googleapis.com",
          "schema_version": 0,
          "attributes": {
            "disable_dependent_services": false,
            "disable_on_destroy": false,
            "id": "movie-app-464210/artifactregistry.googleapis.com",
            "project": "movie-app-464210",
            "service": "artifactregistry.googleapis.com",
            "timeouts": null
          },
          "sensitive_attributes": [],
          "private": "eyJlMmJmYjczMC1lY2FhLTExZTYtOGY4OC0zNDM2M2JjN2M0YzAiOnsiY3JlYXRlIjoxMjAwMDAwMDAwMDAwLCJkZWxldGUiOjEyMDAwMDAwMDAwMDAsInJlYWQiOjYwMDAwMDAwMDAwMCwidXBkYXRlIjoxMjAwMDAwMDAwMDAwfX0="
        },
        {
          "index_key": "cloudbuild.googleapis.com",
          "schema_version": 0,
          "attributes": {
            "disable_dependent_services": false,
            "disable_on_destroy": false,
            "id": "movie-app-464210/cloudbuild.googleapis.com",
            "project": "movie-app-464210",
            "service": "cloudbuild.googleapis.com",
            "timeouts": null
          },
          "sensitive_attributes": [],
          "private": "eyJlMmJmYjczMC1lY2FhLTExZTYtOGY4OC0zNDM2M2JjN2M0YzAiOnsiY3JlYXRlIjoxMjAwMDAwMDAwMDAwLCJkZWxldGUiOjEyMDAwMDAwMDAwMDAsInJlYWQiOjYwMDAwMDAwMDAwMCwidXBkYXRlIjoxMjAwMDAwMDAwMDAwfX0="
        },
        {
          "index_key": "compute.googleapis.com",
          "schema_version": 0,
          "attributes": {
            "disable_dependent_services": false,
            "disable_on_destroy": false,
            "id": "movie-app-464210/compute.googleapis.com",
            "project": "movie-app-464210",
            "service": "compute.googleapis.com",
            "timeouts": null
          },
          "sensitive_attributes": [],
          "private": "eyJlMmJmYjczMC1lY2FhLTExZTYtOGY4OC0zNDM2M2JjN2M0YzAiOnsiY3JlYXRlIjoxMjAwMDAwMDAwMDAwLCJkZWxldGUiOjEyMDAwMDAwMDAwMDAsInJlYWQiOjYwMDAwMDAwMDAwMCwidXBkYXRlIjoxMjAwMDAwMDAwMDAwfX0="
        },
        {
          "index_key": "container.googleapis.com",
          "schema_version": 0,
          "attributes": {
            "disable_dependent_services": false,
            "disable_on_destroy": false,
            "id": "movie-app-464210/container.googleapis.com",
            "project": "movie-app-464210",
            "service": "container.googleapis.com",
            "timeouts": null
          },
          "sensitive_attributes": [],
          "private": "eyJlMmJmYjczMC1lY2FhLTExZTYtOGY4OC0zNDM2M2JjN2M0YzAiOnsiY3JlYXRlIjoxMjAwMDAwMDAwMDAwLCJkZWxldGUiOjEyMDAwMDAwMDAwMDAsInJlYWQiOjYwMDAwMDAwMDAwMCwidXBkYXRlIjoxMjAwMDAwMDAwMDAwfX0="
        },
        {
          "index_key": "secretmanager.googleapis.com",
          "schema_version": 0,
          "attributes": {
            "disable_dependent_services": false,
            "disable_on_destroy": false,
            "id": "movie-app-464210/secretmanager.googleapis.com",
            "project": "movie-app-464210",
            "service": "secretmanager.googleapis.com",
            "timeouts": null
          },
          "sensitive_attributes": [],
          "private": "eyJlMmJmYjczMC1lY2FhLTExZTYtOGY4OC0zNDM2M2JjN2M0YzAiOnsiY3JlYXRlIjoxMjAwMDAwMDAwMDAwLCJkZWxldGUiOjEyMDAwMDAwMDAwMDAsInJlYWQiOjYwMDAwMDAwMDAwMCwidXBkYXRlIjoxMjAwMDAwMDAwMDAwfX0="
        },
        {
          "index_key": "servicenetworking.googleapis.com",
          "schema_version": 0,
          "attributes": {
            "disable_dependent_services": false,
            "disable_on_destroy": false,
            "id": "movie-app-464210/servicenetworking.googleapis.com",
            "project": "movie-app-464210",
            "service": "servicenetworking.googleapis.com",
            "timeouts": null
          },
          "sensitive_attributes": [],
          "private": "eyJlMmJmYjczMC1lY2FhLTExZTYtOGY4OC0zNDM2M2JjN2M0YzAiOnsiY3JlYXRlIjoxMjAwMDAwMDAwMDAwLCJkZWxldGUiOjEyMDAwMDAwMDAwMDAsInJlYWQiOjYwMDAwMDAwMDAwMCwidXBkYXRlIjoxMjAwMDAwMDAwMDAwfX0="
        },
        {
          "index_key": "sqladmin.googleapis.com",
          "schema_version": 0,
          "attributes": {
            "disable_dependent_services": false,
            "disable_on_destroy": false,
            "id": "movie-app-464210/sqladmin.googleapis.com",
            "project": "movie-app-464210",
            "service": "sqladmin.googleapis.com",
            "timeouts": null
          },
          "sensitive_attributes": [],
          "private": "eyJlMmJmYjczMC1lY2FhLTExZTYtOGY4OC0zNDM2M2JjN2M0YzAiOnsiY3JlYXRlIjoxMjAwMDAwMDAwMDAwLCJkZWxldGUiOjEyMDAwMDAwMDAwMDAsInJlYWQiOjYwMDAwMDAwMDAwMCwidXBkYXRlIjoxMjAwMDAwMDAwMDAwfX0="
        }
      ]
    },
    {
      "mode": "managed",
      "type": "google_redis_instance",
      "name": "redis",
      "provider": "provider[\"registry.terraform.io/hashicorp/google\"]",
      "instances": []
    },
    {
      "mode": "managed",
      "type": "google_secret_manager_secret",
      "name": "db_password",
      "provider": "provider[\"registry.terraform.io/hashicorp/google\"]",
      "instances": [
        {
          "schema_version": 0,
          "attributes": {
            "annotations": null,
            "create_time": "2025-06-27T12:17:26.048290Z",
            "effective_annotations": {},
            "effective_labels": {},
            "expire_time": "",
            "id": "projects/movie-app-464210/secrets/movie-app-db-password",
            "labels": null,
            "name": "projects/224366845209/secrets/movie-app-db-password",
            "project": "movie-app-464210",
            "replication": [
              {
                "auto": [],
                "user_managed": [
                  {
                    "replicas": [
                      {
                        "customer_managed_encryption": [],
                        "location": "us-central1"
                      }
                    ]
                  }
                ]
              }
            ],
            "rotation": [],
            "secret_id": "movie-app-db-password",
            "terraform_labels": {},
            "timeouts": null,
            "topics": [],
            "ttl": null,
            "version_aliases": null,
            "version_destroy_ttl": ""
          },
          "sensitive_attributes": [],
          "private": "eyJlMmJmYjczMC1lY2FhLTExZTYtOGY4OC0zNDM2M2JjN2M0YzAiOnsiY3JlYXRlIjoxMjAwMDAwMDAwMDAwLCJkZWxldGUiOjEyMDAwMDAwMDAwMDAsInVwZGF0ZSI6MTIwMDAwMDAwMDAwMH19",
          "dependencies": [
            "google_project_service.required_apis"
          ]
        }
      ]
    },
    {
      "mode": "managed",
      "type": "google_secret_manager_secret_version",
      "name": "db_password",
      "provider": "provider[\"registry.terraform.io/hashicorp/google\"]",
      "instances": [
        {
          "schema_version": 0,
          "attributes": {
            "create_time": "2025-06-27T12:17:33.492651Z",
            "deletion_policy": "DELETE",
            "destroy_time": "",
            "enabled": true,
            "id": "projects/224366845209/secrets/movie-app-db-password/versions/1",
            "is_secret_data_base64": false,
            "name": "projects/224366845209/secrets/movie-app-db-password/versions/1",
            "secret": "projects/movie-app-464210/secrets/movie-app-db-password",
            "secret_data": "EEj\u003e}G-ybzCWVs$x",
            "timeouts": null,
            "version": "1"
          },
          "sensitive_attributes": [
            [
              {
                "type": "get_attr",
                "value": "secret_data"
              }
            ]
          ],
          "private": "eyJlMmJmYjczMC1lY2FhLTExZTYtOGY4OC0zNDM2M2JjN2M0YzAiOnsiY3JlYXRlIjoxMjAwMDAwMDAwMDAwLCJkZWxldGUiOjEyMDAwMDAwMDAwMDAsInVwZGF0ZSI6MTIwMDAwMDAwMDAwMH19",
          "dependencies": [
            "google_project_service.required_apis",
            "google_secret_manager_secret.db_password",
            "random_password.db_password"
          ]
        }
      ]
    },
    {
      "mode": "managed",
      "type": "google_secret_manager_secret_version",
      "name": "redis_host",
      "provider": "provider[\"registry.terraform.io/hashicorp/google\"]",
      "instances": []
    },
    {
      "mode": "managed",
      "type": "google_secret_manager_secret_version",
      "name": "redis_port",
      "provider": "provider[\"registry.terraform.io/hashicorp/google\"]",
      "instances": []
    },
    {
      "mode": "managed",
      "type": "google_service_account",
      "name": "cloudbuild_service_account",
      "provider": "provider[\"registry.terraform.io/hashicorp/google\"]",
      "instances": [
        {
          "schema_version": 0,
          "attributes": {
            "account_id": "movie-app-cloudbuild-sa",
            "create_ignore_already_exists": null,
            "description": "",
            "disabled": false,
            "display_name": "Cloud Build Service Account for movie-app",
            "email": "movie-app-cloudbuild-sa@movie-app-464210.iam.gserviceaccount.com",
            "id": "projects/movie-app-464210/serviceAccounts/movie-app-cloudbuild-sa@movie-app-464210.iam.gserviceaccount.com",
            "member": "serviceAccount:movie-app-cloudbuild-sa@movie-app-464210.iam.gserviceaccount.com",
            "name": "projects/movie-app-464210/serviceAccounts/movie-app-cloudbuild-sa@movie-app-464210.iam.gserviceaccount.com",
            "project": "movie-app-464210",
            "timeouts": null,
            "unique_id": "109991910676270849182"
          },
          "sensitive_attributes": [],
          "private": "eyJlMmJmYjczMC1lY2FhLTExZTYtOGY4OC0zNDM2M2JjN2M0YzAiOnsiY3JlYXRlIjozMDAwMDAwMDAwMDB9fQ=="
        }
      ]
    },
    {
      "mode": "managed",
      "type": "google_service_account",
      "name": "gke_service_account",
      "provider": "provider[\"registry.terraform.io/hashicorp/google\"]",
      "instances": [
        {
          "schema_version": 0,
          "attributes": {
            "account_id": "movie-app-gke-sa",
            "create_ignore_already_exists": null,
            "description": "",
            "disabled": false,
            "display_name": "GKE Service Account for movie-app",
            "email": "movie-app-gke-sa@movie-app-464210.iam.gserviceaccount.com",
            "id": "projects/movie-app-464210/serviceAccounts/movie-app-gke-sa@movie-app-464210.iam.gserviceaccount.com",
            "member": "serviceAccount:movie-app-gke-sa@movie-app-464210.iam.gserviceaccount.com",
            "name": "projects/movie-app-464210/serviceAccounts/movie-app-gke-sa@movie-app-464210.iam.gserviceaccount.com",
            "project": "movie-app-464210",
            "timeouts": null,
            "unique_id": "114927668887710320158"
          },
          "sensitive_attributes": [],
          "private": "eyJlMmJmYjczMC1lY2FhLTExZTYtOGY4OC0zNDM2M2JjN2M0YzAiOnsiY3JlYXRlIjozMDAwMDAwMDAwMDB9fQ=="
        }
      ]
    },
    {
      "mode": "managed",
      "type": "google_service_account",
      "name": "workload_identity_sa",
      "provider": "provider[\"registry.terraform.io/hashicorp/google\"]",
      "instances": [
        {
          "schema_version": 0,
          "attributes": {
            "account_id": "movie-app-workload-sa",
            "create_ignore_already_exists": null,
            "description": "",
            "disabled": false,
            "display_name": "Workload Identity Service Account for movie-app",
            "email": "movie-app-workload-sa@movie-app-464210.iam.gserviceaccount.com",
            "id": "projects/movie-app-464210/serviceAccounts/movie-app-workload-sa@movie-app-464210.iam.gserviceaccount.com",
            "member": "serviceAccount:movie-app-workload-sa@movie-app-464210.iam.gserviceaccount.com",
            "name": "projects/movie-app-464210/serviceAccounts/movie-app-workload-sa@movie-app-464210.iam.gserviceaccount.com",
            "project": "movie-app-464210",
            "timeouts": null,
            "unique_id": "105840667516523791047"
          },
          "sensitive_attributes": [],
          "private": "eyJlMmJmYjczMC1lY2FhLTExZTYtOGY4OC0zNDM2M2JjN2M0YzAiOnsiY3JlYXRlIjozMDAwMDAwMDAwMDB9fQ=="
        }
      ]
    },
    {
      "mode": "managed",
      "type": "google_sql_database",
      "name": "database",
      "provider": "provider[\"registry.terraform.io/hashicorp/google\"]",
      "instances": []
    },
    {
      "mode": "managed",
      "type": "google_sql_database_instance",
      "name": "postgres",
      "provider": "provider[\"registry.terraform.io/hashicorp/google\"]",
      "instances": []
    },
    {
      "mode": "managed",
      "type": "google_sql_user",
      "name": "user",
      "provider": "provider[\"registry.terraform.io/hashicorp/google\"]",
      "instances": []
    },
    {
      "mode": "managed",
      "type": "random_password",
      "name": "db_password",
      "provider": "provider[\"registry.terraform.io/hashicorp/random\"]",
      "instances": [
        {
          "schema_version": 3,
          "attributes": {
            "bcrypt_hash": "$2a$10$nVBFx9PzHHDrhR4iNYfnk.gPtaBtMt7m0KuwAiAVT55xp1KtegExy",
            "id": "none",
            "keepers": null,
            "length": 16,
            "lower": true,
            "min_lower": 0,
            "min_numeric": 0,
            "min_special": 0,
            "min_upper": 0,
            "number": true,
            "numeric": true,
            "override_special": null,
            "result": "EEj\u003e}G-ybzCWVs$x",
            "special": true,
            "upper": true
          },
          "sensitive_attributes": []
        }
      ]
    },
    {
      "mode": "managed",
      "type": "random_string",
      "name": "default",
      "provider": "provider[\"registry.terraform.io/hashicorp/random\"]",
      "instances": [
        {
          "schema_version": 2,
          "attributes": {
            "id": "dy3l",
            "keepers": null,
            "length": 4,
            "lower": true,
            "min_lower": 0,
            "min_numeric": 0,
            "min_special": 0,
            "min_upper": 0,
            "number": true,
            "numeric": true,
            "override_special": null,
            "result": "dy3l",
            "special": false,
            "upper": false
          },
          "sensitive_attributes": []
        }
      ]
    }
  ],
  "check_results": null
}
